// !$*UTF8*$!
{
	archiveVersion = 1;
	classes = {
	};
	objectVersion = 55;
	objects = {

/* Begin PBXBuildFile section */
		74059B4C27F8FAD700884BDF /* FeedCell.swift in Sources */ = {isa = PBXBuildFile; fileRef = 74059B4B27F8FAD700884BDF /* FeedCell.swift */; };
		740BC12127F705D50060B2D1 /* FirebaseAnalytics in Frameworks */ = {isa = PBXBuildFile; productRef = 740BC12027F705D50060B2D1 /* FirebaseAnalytics */; };
		740BC12327F705D50060B2D1 /* FirebaseAuth in Frameworks */ = {isa = PBXBuildFile; productRef = 740BC12227F705D50060B2D1 /* FirebaseAuth */; };
		740BC12527F705D50060B2D1 /* FirebaseFirestore in Frameworks */ = {isa = PBXBuildFile; productRef = 740BC12427F705D50060B2D1 /* FirebaseFirestore */; };
		740BC12727F705D50060B2D1 /* FirebaseStorage in Frameworks */ = {isa = PBXBuildFile; productRef = 740BC12627F705D50060B2D1 /* FirebaseStorage */; };
		740BC12927F70B3E0060B2D1 /* FeedViewController.swift in Sources */ = {isa = PBXBuildFile; fileRef = 740BC12827F70B3E0060B2D1 /* FeedViewController.swift */; };
		740BC12B27F70B4E0060B2D1 /* UploadViewController.swift in Sources */ = {isa = PBXBuildFile; fileRef = 740BC12A27F70B4E0060B2D1 /* UploadViewController.swift */; };
		740BC12D27F70B590060B2D1 /* SettingsViewController.swift in Sources */ = {isa = PBXBuildFile; fileRef = 740BC12C27F70B590060B2D1 /* SettingsViewController.swift */; };
		74AF3B2E27F7020800B43D8D /* AppDelegate.swift in Sources */ = {isa = PBXBuildFile; fileRef = 74AF3B2D27F7020800B43D8D /* AppDelegate.swift */; };
		74AF3B3027F7020800B43D8D /* SceneDelegate.swift in Sources */ = {isa = PBXBuildFile; fileRef = 74AF3B2F27F7020800B43D8D /* SceneDelegate.swift */; };
		74AF3B3227F7020800B43D8D /* ViewController.swift in Sources */ = {isa = PBXBuildFile; fileRef = 74AF3B3127F7020800B43D8D /* ViewController.swift */; };
		74AF3B3527F7020800B43D8D /* Main.storyboard in Resources */ = {isa = PBXBuildFile; fileRef = 74AF3B3327F7020800B43D8D /* Main.storyboard */; };
		74AF3B3727F7020900B43D8D /* Assets.xcassets in Resources */ = {isa = PBXBuildFile; fileRef = 74AF3B3627F7020900B43D8D /* Assets.xcassets */; };
		74AF3B3A27F7020900B43D8D /* LaunchScreen.storyboard in Resources */ = {isa = PBXBuildFile; fileRef = 74AF3B3827F7020900B43D8D /* LaunchScreen.storyboard */; };
		74EC756B27F9087700405D65 /* GoogleService-Info.plist in Resources */ = {isa = PBXBuildFile; fileRef = 74EC756A27F9087700405D65 /* GoogleService-Info.plist */; };
		74EC756E27F90D5900405D65 /* SDWebImage in Frameworks */ = {isa = PBXBuildFile; productRef = 74EC756D27F90D5900405D65 /* SDWebImage */; };
		74EC757027F90D5900405D65 /* SDWebImageMapKit in Frameworks */ = {isa = PBXBuildFile; productRef = 74EC756F27F90D5900405D65 /* SDWebImageMapKit */; };
/* End PBXBuildFile section */

/* Begin PBXFileReference section */
		74059B4B27F8FAD700884BDF /* FeedCell.swift */ = {isa = PBXFileReference; lastKnownFileType = sourcecode.swift; path = FeedCell.swift; sourceTree = "<group>"; };
		740BC12827F70B3E0060B2D1 /* FeedViewController.swift */ = {isa = PBXFileReference; lastKnownFileType = sourcecode.swift; path = FeedViewController.swift; sourceTree = "<group>"; };
		740BC12A27F70B4E0060B2D1 /* UploadViewController.swift */ = {isa = PBXFileReference; lastKnownFileType = sourcecode.swift; path = UploadViewController.swift; sourceTree = "<group>"; };
		740BC12C27F70B590060B2D1 /* SettingsViewController.swift */ = {isa = PBXFileReference; lastKnownFileType = sourcecode.swift; path = SettingsViewController.swift; sourceTree = "<group>"; };
		74AF3B2A27F7020800B43D8D /* InstaCloneFirebase.app */ = {isa = PBXFileReference; explicitFileType = wrapper.application; includeInIndex = 0; path = InstaCloneFirebase.app; sourceTree = BUILT_PRODUCTS_DIR; };
		74AF3B2D27F7020800B43D8D /* AppDelegate.swift */ = {isa = PBXFileReference; lastKnownFileType = sourcecode.swift; path = AppDelegate.swift; sourceTree = "<group>"; };
		74AF3B2F27F7020800B43D8D /* SceneDelegate.swift */ = {isa = PBXFileReference; lastKnownFileType = sourcecode.swift; path = SceneDelegate.swift; sourceTree = "<group>"; };
		74AF3B3127F7020800B43D8D /* ViewController.swift */ = {isa = PBXFileReference; lastKnownFileType = sourcecode.swift; path = ViewController.swift; sourceTree = "<group>"; };
		74AF3B3427F7020800B43D8D /* Base */ = {isa = PBXFileReference; lastKnownFileType = file.storyboard; name = Base; path = Base.lproj/Main.storyboard; sourceTree = "<group>"; };
		74AF3B3627F7020900B43D8D /* Assets.xcassets */ = {isa = PBXFileReference; lastKnownFileType = folder.assetcatalog; path = Assets.xcassets; sourceTree = "<group>"; };
		74AF3B3927F7020900B43D8D /* Base */ = {isa = PBXFileReference; lastKnownFileType = file.storyboard; name = Base; path = Base.lproj/LaunchScreen.storyboard; sourceTree = "<group>"; };
		74AF3B3B27F7020900B43D8D /* Info.plist */ = {isa = PBXFileReference; lastKnownFileType = text.plist.xml; path = Info.plist; sourceTree = "<group>"; };
		74EC756A27F9087700405D65 /* GoogleService-Info.plist */ = {isa = PBXFileReference; fileEncoding = 4; lastKnownFileType = text.plist.xml; name = "GoogleService-Info.plist"; path = "../../../fakegod/GoogleService-Info.plist"; sourceTree = "<group>"; };
/* End PBXFileReference section */

/* Begin PBXFrameworksBuildPhase section */
		74AF3B2727F7020800B43D8D /* Frameworks */ = {
			isa = PBXFrameworksBuildPhase;
			buildActionMask = 2147483647;
			files = (
				740BC12127F705D50060B2D1 /* FirebaseAnalytics in Frameworks */,
				740BC12727F705D50060B2D1 /* FirebaseStorage in Frameworks */,
				740BC12327F705D50060B2D1 /* FirebaseAuth in Frameworks */,
				740BC12527F705D50060B2D1 /* FirebaseFirestore in Frameworks */,
				74EC757027F90D5900405D65 /* SDWebImageMapKit in Frameworks */,
				74EC756E27F90D5900405D65 /* SDWebImage in Frameworks */,
			);
			runOnlyForDeploymentPostprocessing = 0;
		};
/* End PBXFrameworksBuildPhase section */

/* Begin PBXGroup section */
		74AF3B2127F7020800B43D8D = {
			isa = PBXGroup;
			children = (
				74AF3B2C27F7020800B43D8D /* InstaCloneFirebase */,
				74AF3B2B27F7020800B43D8D /* Products */,
			);
			sourceTree = "<group>";
		};
		74AF3B2B27F7020800B43D8D /* Products */ = {
			isa = PBXGroup;
			children = (
				74AF3B2A27F7020800B43D8D /* InstaCloneFirebase.app */,
			);
			name = Products;
			sourceTree = "<group>";
		};
		74AF3B2C27F7020800B43D8D /* InstaCloneFirebase */ = {
			isa = PBXGroup;
			children = (
				74AF3B2D27F7020800B43D8D /* AppDelegate.swift */,
				74AF3B2F27F7020800B43D8D /* SceneDelegate.swift */,
				74AF3B3127F7020800B43D8D /* ViewController.swift */,
				74AF3B3327F7020800B43D8D /* Main.storyboard */,
				740BC12827F70B3E0060B2D1 /* FeedViewController.swift */,
				74059B4B27F8FAD700884BDF /* FeedCell.swift */,
				740BC12A27F70B4E0060B2D1 /* UploadViewController.swift */,
				740BC12C27F70B590060B2D1 /* SettingsViewController.swift */,
				74AF3B3627F7020900B43D8D /* Assets.xcassets */,
				74AF3B3827F7020900B43D8D /* LaunchScreen.storyboard */,
				74AF3B3B27F7020900B43D8D /* Info.plist */,
				74EC756A27F9087700405D65 /* GoogleService-Info.plist */,
			);
			path = InstaCloneFirebase;
			sourceTree = "<group>";
		};
/* End PBXGroup section */

/* Begin PBXNativeTarget section */
		74AF3B2927F7020800B43D8D /* InstaCloneFirebase */ = {
			isa = PBXNativeTarget;
			buildConfigurationList = 74AF3B3E27F7020900B43D8D /* Build configuration list for PBXNativeTarget "InstaCloneFirebase" */;
			buildPhases = (
				74AF3B2627F7020800B43D8D /* Sources */,
				74AF3B2727F7020800B43D8D /* Frameworks */,
				74AF3B2827F7020800B43D8D /* Resources */,
			);
			buildRules = (
			);
			dependencies = (
			);
			name = InstaCloneFirebase;
			packageProductDependencies = (
				740BC12027F705D50060B2D1 /* FirebaseAnalytics */,
				740BC12227F705D50060B2D1 /* FirebaseAuth */,
				740BC12427F705D50060B2D1 /* FirebaseFirestore */,
				740BC12627F705D50060B2D1 /* FirebaseStorage */,
				74EC756D27F90D5900405D65 /* SDWebImage */,
				74EC756F27F90D5900405D65 /* SDWebImageMapKit */,
			);
			productName = InstaCloneFirebase;
			productReference = 74AF3B2A27F7020800B43D8D /* InstaCloneFirebase.app */;
			productType = "com.apple.product-type.application";
		};
/* End PBXNativeTarget section */

/* Begin PBXProject section */
		74AF3B2227F7020800B43D8D /* Project object */ = {
			isa = PBXProject;
			attributes = {
				BuildIndependentTargetsInParallel = 1;
				LastSwiftUpdateCheck = 1320;
				LastUpgradeCheck = 1320;
				TargetAttributes = {
					74AF3B2927F7020800B43D8D = {
						CreatedOnToolsVersion = 13.2.1;
					};
				};
			};
			buildConfigurationList = 74AF3B2527F7020800B43D8D /* Build configuration list for PBXProject "InstaCloneFirebase" */;
			compatibilityVersion = "Xcode 13.0";
			developmentRegion = en;
			hasScannedForEncodings = 0;
			knownRegions = (
				en,
				Base,
			);
			mainGroup = 74AF3B2127F7020800B43D8D;
			packageReferences = (
				740BC11F27F705D50060B2D1 /* XCRemoteSwiftPackageReference "firebase-ios-sdk" */,
				74EC756C27F90D5900405D65 /* XCRemoteSwiftPackageReference "SDWebImage" */,
			);
			productRefGroup = 74AF3B2B27F7020800B43D8D /* Products */;
			projectDirPath = "";
			projectRoot = "";
			targets = (
				74AF3B2927F7020800B43D8D /* InstaCloneFirebase */,
			);
		};
/* End PBXProject section */

/* Begin PBXResourcesBuildPhase section */
		74AF3B2827F7020800B43D8D /* Resources */ = {
			isa = PBXResourcesBuildPhase;
			buildActionMask = 2147483647;
			files = (
				74AF3B3A27F7020900B43D8D /* LaunchScreen.storyboard in Resources */,
				74EC756B27F9087700405D65 /* GoogleService-Info.plist in Resources */,
				74AF3B3727F7020900B43D8D /* Assets.xcassets in Resources */,
				74AF3B3527F7020800B43D8D /* Main.storyboard in Resources */,
			);
			runOnlyForDeploymentPostprocessing = 0;
		};
/* End PBXResourcesBuildPhase section */

/* Begin PBXSourcesBuildPhase section */
		74AF3B2627F7020800B43D8D /* Sources */ = {
			isa = PBXSourcesBuildPhase;
			buildActionMask = 2147483647;
			files = (
				74059B4C27F8FAD700884BDF /* FeedCell.swift in Sources */,
				74AF3B3227F7020800B43D8D /* ViewController.swift in Sources */,
				740BC12B27F70B4E0060B2D1 /* UploadViewController.swift in Sources */,
				74AF3B2E27F7020800B43D8D /* AppDelegate.swift in Sources */,
				740BC12927F70B3E0060B2D1 /* FeedViewController.swift in Sources */,
				74AF3B3027F7020800B43D8D /* SceneDelegate.swift in Sources */,
				740BC12D27F70B590060B2D1 /* SettingsViewController.swift in Sources */,
			);
			runOnlyForDeploymentPostprocessing = 0;
		};
/* End PBXSourcesBuildPhase section */

/* Begin PBXVariantGroup section */
		74AF3B3327F7020800B43D8D /* Main.storyboard */ = {
			isa = PBXVariantGroup;
			children = (
				74AF3B3427F7020800B43D8D /* Base */,
			);
			name = Main.storyboard;
			sourceTree = "<group>";
		};
		74AF3B3827F7020900B43D8D /* LaunchScreen.storyboard */ = {
			isa = PBXVariantGroup;
			children = (
				74AF3B3927F7020900B43D8D /* Base */,
			);
			name = LaunchScreen.storyboard;
			sourceTree = "<group>";
		};
/* End PBXVariantGroup section */

/* Begin XCBuildConfiguration section */
		74AF3B3C27F7020900B43D8D /* Debug */ = {
			isa = XCBuildConfiguration;
			buildSettings = {
				ALWAYS_SEARCH_USER_PATHS = NO;
				CLANG_ANALYZER_NONNULL = YES;
				CLANG_ANALYZER_NUMBER_OBJECT_CONVERSION = YES_AGGRESSIVE;
				CLANG_CXX_LANGUAGE_STANDARD = "gnu++17";
				CLANG_CXX_LIBRARY = "libc++";
				CLANG_ENABLE_MODULES = YES;
				CLANG_ENABLE_OBJC_ARC = YES;
				CLANG_ENABLE_OBJC_WEAK = YES;
				CLANG_WARN_BLOCK_CAPTURE_AUTORELEASING = YES;
				CLANG_WARN_BOOL_CONVERSION = YES;
				CLANG_WARN_COMMA = YES;
				CLANG_WARN_CONSTANT_CONVERSION = YES;
				CLANG_WARN_DEPRECATED_OBJC_IMPLEMENTATIONS = YES;
				CLANG_WARN_DIRECT_OBJC_ISA_USAGE = YES_ERROR;
				CLANG_WARN_DOCUMENTATION_COMMENTS = YES;
				CLANG_WARN_EMPTY_BODY = YES;
				CLANG_WARN_ENUM_CONVERSION = YES;
				CLANG_WARN_INFINITE_RECURSION = YES;
				CLANG_WARN_INT_CONVERSION = YES;
				CLANG_WARN_NON_LITERAL_NULL_CONVERSION = YES;
				CLANG_WARN_OBJC_IMPLICIT_RETAIN_SELF = YES;
				CLANG_WARN_OBJC_LITERAL_CONVERSION = YES;
				CLANG_WARN_OBJC_ROOT_CLASS = YES_ERROR;
				CLANG_WARN_QUOTED_INCLUDE_IN_FRAMEWORK_HEADER = YES;
				CLANG_WARN_RANGE_LOOP_ANALYSIS = YES;
				CLANG_WARN_STRICT_PROTOTYPES = YES;
				CLANG_WARN_SUSPICIOUS_MOVE = YES;
				CLANG_WARN_UNGUARDED_AVAILABILITY = YES_AGGRESSIVE;
				CLANG_WARN_UNREACHABLE_CODE = YES;
				CLANG_WARN__DUPLICATE_METHOD_MATCH = YES;
				COPY_PHASE_STRIP = NO;
				DEBUG_INFORMATION_FORMAT = dwarf;
				ENABLE_STRICT_OBJC_MSGSEND = YES;
				ENABLE_TESTABILITY = YES;
				GCC_C_LANGUAGE_STANDARD = gnu11;
				GCC_DYNAMIC_NO_PIC = NO;
				GCC_NO_COMMON_BLOCKS = YES;
				GCC_OPTIMIZATION_LEVEL = 0;
				GCC_PREPROCESSOR_DEFINITIONS = (
					"DEBUG=1",
					"$(inherited)",
				);
				GCC_WARN_64_TO_32_BIT_CONVERSION = YES;
				GCC_WARN_ABOUT_RETURN_TYPE = YES_ERROR;
				GCC_WARN_UNDECLARED_SELECTOR = YES;
				GCC_WARN_UNINITIALIZED_AUTOS = YES_AGGRESSIVE;
				GCC_WARN_UNUSED_FUNCTION = YES;
				GCC_WARN_UNUSED_VARIABLE = YES;
				IPHONEOS_DEPLOYMENT_TARGET = 15.2;
				MTL_ENABLE_DEBUG_INFO = INCLUDE_SOURCE;
				MTL_FAST_MATH = YES;
				ONLY_ACTIVE_ARCH = YES;
				SDKROOT = iphoneos;
				SWIFT_ACTIVE_COMPILATION_CONDITIONS = DEBUG;
				SWIFT_OPTIMIZATION_LEVEL = "-Onone";
			};
			name = Debug;
		};
		74AF3B3D27F7020900B43D8D /* Release */ = {
			isa = XCBuildConfiguration;
			buildSettings = {
				ALWAYS_SEARCH_USER_PATHS = NO;
				CLANG_ANALYZER_NONNULL = YES;
				CLANG_ANALYZER_NUMBER_OBJECT_CONVERSION = YES_AGGRESSIVE;
				CLANG_CXX_LANGUAGE_STANDARD = "gnu++17";
				CLANG_CXX_LIBRARY = "libc++";
				CLANG_ENABLE_MODULES = YES;
				CLANG_ENABLE_OBJC_ARC = YES;
				CLANG_ENABLE_OBJC_WEAK = YES;
				CLANG_WARN_BLOCK_CAPTURE_AUTORELEASING = YES;
				CLANG_WARN_BOOL_CONVERSION = YES;
				CLANG_WARN_COMMA = YES;
				CLANG_WARN_CONSTANT_CONVERSION = YES;
				CLANG_WARN_DEPRECATED_OBJC_IMPLEMENTATIONS = YES;
				CLANG_WARN_DIRECT_OBJC_ISA_USAGE = YES_ERROR;
				CLANG_WARN_DOCUMENTATION_COMMENTS = YES;
				CLANG_WARN_EMPTY_BODY = YES;
				CLANG_WARN_ENUM_CONVERSION = YES;
				CLANG_WARN_INFINITE_RECURSION = YES;
				CLANG_WARN_INT_CONVERSION = YES;
				CLANG_WARN_NON_LITERAL_NULL_CONVERSION = YES;
				CLANG_WARN_OBJC_IMPLICIT_RETAIN_SELF = YES;
				CLANG_WARN_OBJC_LITERAL_CONVERSION = YES;
				CLANG_WARN_OBJC_ROOT_CLASS = YES_ERROR;
				CLANG_WARN_QUOTED_INCLUDE_IN_FRAMEWORK_HEADER = YES;
				CLANG_WARN_RANGE_LOOP_ANALYSIS = YES;
				CLANG_WARN_STRICT_PROTOTYPES = YES;
				CLANG_WARN_SUSPICIOUS_MOVE = YES;
				CLANG_WARN_UNGUARDED_AVAILABILITY = YES_AGGRESSIVE;
				CLANG_WARN_UNREACHABLE_CODE = YES;
				CLANG_WARN__DUPLICATE_METHOD_MATCH = YES;
				COPY_PHASE_STRIP = NO;
				DEBUG_INFORMATION_FORMAT = "dwarf-with-dsym";
				ENABLE_NS_ASSERTIONS = NO;
				ENABLE_STRICT_OBJC_MSGSEND = YES;
				GCC_C_LANGUAGE_STANDARD = gnu11;
				GCC_NO_COMMON_BLOCKS = YES;
				GCC_WARN_64_TO_32_BIT_CONVERSION = YES;
				GCC_WARN_ABOUT_RETURN_TYPE = YES_ERROR;
				GCC_WARN_UNDECLARED_SELECTOR = YES;
				GCC_WARN_UNINITIALIZED_AUTOS = YES_AGGRESSIVE;
				GCC_WARN_UNUSED_FUNCTION = YES;
				GCC_WARN_UNUSED_VARIABLE = YES;
				IPHONEOS_DEPLOYMENT_TARGET = 15.2;
				MTL_ENABLE_DEBUG_INFO = NO;
				MTL_FAST_MATH = YES;
				SDKROOT = iphoneos;
				SWIFT_COMPILATION_MODE = wholemodule;
				SWIFT_OPTIMIZATION_LEVEL = "-O";
				VALIDATE_PRODUCT = YES;
			};
			name = Release;
		};
		74AF3B3F27F7020900B43D8D /* Debug */ = {
			isa = XCBuildConfiguration;
			buildSettings = {
				ASSETCATALOG_COMPILER_APPICON_NAME = AppIcon;
				ASSETCATALOG_COMPILER_GLOBAL_ACCENT_COLOR_NAME = AccentColor;
				CODE_SIGN_STYLE = Automatic;
				CURRENT_PROJECT_VERSION = 1;
				GENERATE_INFOPLIST_FILE = YES;
				INFOPLIST_FILE = InstaCloneFirebase/Info.plist;
				INFOPLIST_KEY_UIApplicationSupportsIndirectInputEvents = YES;
				INFOPLIST_KEY_UILaunchStoryboardName = LaunchScreen;
				INFOPLIST_KEY_UIMainStoryboardFile = Main;
				INFOPLIST_KEY_UISupportedInterfaceOrientations_iPad = "UIInterfaceOrientationPortrait UIInterfaceOrientationPortraitUpsideDown UIInterfaceOrientationLandscapeLeft UIInterfaceOrientationLandscapeRight";
				INFOPLIST_KEY_UISupportedInterfaceOrientations_iPhone = "UIInterfaceOrientationPortrait UIInterfaceOrientationLandscapeLeft UIInterfaceOrientationLandscapeRight";
				LD_RUNPATH_SEARCH_PATHS = (
					"$(inherited)",
					"@executable_path/Frameworks",
				);
				MARKETING_VERSION = 1.0;
				PRODUCT_BUNDLE_IDENTIFIER = com.furkansarip.InstaCloneFirebase;
				PRODUCT_NAME = "$(TARGET_NAME)";
				SWIFT_EMIT_LOC_STRINGS = YES;
				SWIFT_VERSION = 5.0;
				TARGETED_DEVICE_FAMILY = "1,2";
			};
			name = Debug;
		};
		74AF3B4027F7020900B43D8D /* Release */ = {
			isa = XCBuildConfiguration;
			buildSettings = {
				ASSETCATALOG_COMPILER_APPICON_NAME = AppIcon;
				ASSETCATALOG_COMPILER_GLOBAL_ACCENT_COLOR_NAME = AccentColor;
				CODE_SIGN_STYLE = Automatic;
				CURRENT_PROJECT_VERSION = 1;
				GENERATE_INFOPLIST_FILE = YES;
				INFOPLIST_FILE = InstaCloneFirebase/Info.plist;
				INFOPLIST_KEY_UIApplicationSupportsIndirectInputEvents = YES;
				INFOPLIST_KEY_UILaunchStoryboardName = LaunchScreen;
				INFOPLIST_KEY_UIMainStoryboardFile = Main;
				INFOPLIST_KEY_UISupportedInterfaceOrientations_iPad = "UIInterfaceOrientationPortrait UIInterfaceOrientationPortraitUpsideDown UIInterfaceOrientationLandscapeLeft UIInterfaceOrientationLandscapeRight";
				INFOPLIST_KEY_UISupportedInterfaceOrientations_iPhone = "UIInterfaceOrientationPortrait UIInterfaceOrientationLandscapeLeft UIInterfaceOrientationLandscapeRight";
				LD_RUNPATH_SEARCH_PATHS = (
					"$(inherited)",
					"@executable_path/Frameworks",
				);
				MARKETING_VERSION = 1.0;
				PRODUCT_BUNDLE_IDENTIFIER = com.furkansarip.InstaCloneFirebase;
				PRODUCT_NAME = "$(TARGET_NAME)";
				SWIFT_EMIT_LOC_STRINGS = YES;
				SWIFT_VERSION = 5.0;
				TARGETED_DEVICE_FAMILY = "1,2";
			};
			name = Release;
		};
/* End XCBuildConfiguration section */

/* Begin XCConfigurationList section */
		74AF3B2527F7020800B43D8D /* Build configuration list for PBXProject "InstaCloneFirebase" */ = {
			isa = XCConfigurationList;
			buildConfigurations = (
				74AF3B3C27F7020900B43D8D /* Debug */,
				74AF3B3D27F7020900B43D8D /* Release */,
			);
			defaultConfigurationIsVisible = 0;
			defaultConfigurationName = Release;
		};
		74AF3B3E27F7020900B43D8D /* Build configuration list for PBXNativeTarget "InstaCloneFirebase" */ = {
			isa = XCConfigurationList;
			buildConfigurations = (
				74AF3B3F27F7020900B43D8D /* Debug */,
				74AF3B4027F7020900B43D8D /* Release */,
			);
			defaultConfigurationIsVisible = 0;
			defaultConfigurationName = Release;
		};
/* End XCConfigurationList section */

/* Begin XCRemoteSwiftPackageReference section */
		740BC11F27F705D50060B2D1 /* XCRemoteSwiftPackageReference "firebase-ios-sdk" */ = {
			isa = XCRemoteSwiftPackageReference;
			repositoryURL = "https://github.com/firebase/firebase-ios-sdk";
			requirement = {
				branch = master;
				kind = branch;
			};
		};
		74EC756C27F90D5900405D65 /* XCRemoteSwiftPackageReference "SDWebImage" */ = {
			isa = XCRemoteSwiftPackageReference;
			repositoryURL = "https://github.com/SDWebImage/SDWebImage";
			requirement = {
				kind = upToNextMajorVersion;
				minimumVersion = 5.0.0;
			};
		};
/* End XCRemoteSwiftPackageReference section */

/* Begin XCSwiftPackageProductDependency section */
		740BC12027F705D50060B2D1 /* FirebaseAnalytics */ = {
			isa = XCSwiftPackageProductDependency;
			package = 740BC11F27F705D50060B2D1 /* XCRemoteSwiftPackageReference "firebase-ios-sdk" */;
			productName = FirebaseAnalytics;
		};
		740BC12227F705D50060B2D1 /* FirebaseAuth */ = {
			isa = XCSwiftPackageProductDependency;
			package = 740BC11F27F705D50060B2D1 /* XCRemoteSwiftPackageReference "firebase-ios-sdk" */;
			productName = FirebaseAuth;
		};
		740BC12427F705D50060B2D1 /* FirebaseFirestore */ = {
			isa = XCSwiftPackageProductDependency;
			package = 740BC11F27F705D50060B2D1 /* XCRemoteSwiftPackageReference "firebase-ios-sdk" */;
			productName = FirebaseFirestore;
		};
		740BC12627F705D50060B2D1 /* FirebaseStorage */ = {
			isa = XCSwiftPackageProductDependency;
			package = 740BC11F27F705D50060B2D1 /* XCRemoteSwiftPackageReference "firebase-ios-sdk" */;
			productName = FirebaseStorage;
		};
		74EC756D27F90D5900405D65 /* SDWebImage */ = {
			isa = XCSwiftPackageProductDependency;
			package = 74EC756C27F90D5900405D65 /* XCRemoteSwiftPackageReference "SDWebImage" */;
			productName = SDWebImage;
		};
		74EC756F27F90D5900405D65 /* SDWebImageMapKit */ = {
			isa = XCSwiftPackageProductDependency;
			package = 74EC756C27F90D5900405D65 /* XCRemoteSwiftPackageReference "SDWebImage" */;
			productName = SDWebImageMapKit;
		};
/* End XCSwiftPackageProductDependency section */
	};
	rootObject = 74AF3B2227F7020800B43D8D /* Project object */;
}
